<?xml version="1.0" encoding="utf-8"?>
<Project ToolsVersion="4.0" xmlns="http://schemas.microsoft.com/developer/msbuild/2003">
  <ItemGroup>
    <ClCompile Include="2D game.cpp">
      <Filter>Core</Filter>
    </ClCompile>
    <ClCompile Include="Button.cpp">
      <Filter>UI</Filter>
    </ClCompile>
    <ClCompile Include="ButtonArray.cpp">
      <Filter>UI</Filter>
    </ClCompile>
    <ClCompile Include="Color.cpp">
      <Filter>Util</Filter>
    </ClCompile>
    <ClCompile Include="Console.cpp">
      <Filter>Modules</Filter>
    </ClCompile>
    <ClCompile Include="Game.cpp">
      <Filter>Core</Filter>
    </ClCompile>
    <ClCompile Include="Input.cpp">
      <Filter>Modules</Filter>
    </ClCompile>
    <ClCompile Include="InputBox.cpp">
      <Filter>UI</Filter>
    </ClCompile>
    <ClCompile Include="Label.cpp">
      <Filter>UI</Filter>
    </ClCompile>
    <ClCompile Include="MainMenu.cpp">
      <Filter>Scenes</Filter>
    </ClCompile>
    <ClCompile Include="Observer.cpp">
      <Filter>Util</Filter>
    </ClCompile>
    <ClCompile Include="OptionsMenu.cpp">
      <Filter>Scenes</Filter>
    </ClCompile>
    <ClCompile Include="Physics.cpp">
      <Filter>Modules</Filter>
    </ClCompile>
    <ClCompile Include="Scrollbar.cpp">
      <Filter>UI</Filter>
    </ClCompile>
    <ClCompile Include="UIElement.cpp">
      <Filter>UI</Filter>
    </ClCompile>
    <ClCompile Include="pugixml.cpp">
      <Filter>XML</Filter>
    </ClCompile>
    <ClCompile Include="Audio.cpp">
      <Filter>Modules\Image &amp; Audio</Filter>
    </ClCompile>
    <ClCompile Include="Render.cpp">
      <Filter>Modules\Image &amp; Audio</Filter>
    </ClCompile>
    <ClCompile Include="Textures.cpp">
      <Filter>Modules\Image &amp; Audio</Filter>
    </ClCompile>
    <ClCompile Include="Window.cpp">
      <Filter>Modules\Image &amp; Audio</Filter>
    </ClCompile>
    <ClCompile Include="AssetManager.cpp">
      <Filter>Modules\Managers</Filter>
    </ClCompile>
    <ClCompile Include="SceneManager.cpp">
      <Filter>Modules\Managers</Filter>
    </ClCompile>
    <ClCompile Include="UIManager.cpp">
      <Filter>Modules\Managers</Filter>
    </ClCompile>
    <ClCompile Include="Fonts.cpp">
      <Filter>Modules\Image &amp; Audio</Filter>
    </ClCompile>
    <ClCompile Include="Timer.cpp">
      <Filter>Util</Filter>
    </ClCompile>
    <ClCompile Include="Animation.cpp">
      <Filter>Util</Filter>
    </ClCompile>
    <ClCompile Include="Entity.cpp">
      <Filter>Entities</Filter>
    </ClCompile>
    <ClCompile Include="EntityManager.cpp">
      <Filter>Modules\Managers</Filter>
    </ClCompile>
    <ClCompile Include="Player.cpp">
      <Filter>Entities</Filter>
    </ClCompile>
    <ClCompile Include="BoxCollider.cpp">
      <Filter>Physics\Colliders</Filter>
    </ClCompile>
    <ClCompile Include="CircleCollider.cpp">
      <Filter>Physics\Colliders</Filter>
    </ClCompile>
    <ClCompile Include="PhysicsComponent.cpp">
      <Filter>Physics\Colliders</Filter>
    </ClCompile>
    <ClCompile Include="PolygonCollider.cpp">
      <Filter>Physics\Colliders</Filter>
    </ClCompile>
    <ClCompile Include="Joint.cpp">
      <Filter>Physics\Joints</Filter>
    </ClCompile>
  </ItemGroup>
  <ItemGroup>
    <ClInclude Include="Button.h">
      <Filter>UI</Filter>
    </ClInclude>
    <ClInclude Include="ButtonArray.h">
      <Filter>UI</Filter>
    </ClInclude>
    <ClInclude Include="Color.h">
      <Filter>Util</Filter>
    </ClInclude>
    <ClInclude Include="Console.h">
      <Filter>Modules</Filter>
    </ClInclude>
    <ClInclude Include="Game.h">
      <Filter>Core</Filter>
    </ClInclude>
    <ClInclude Include="Input.h">
      <Filter>Modules</Filter>
    </ClInclude>
    <ClInclude Include="InputBox.h">
      <Filter>UI</Filter>
    </ClInclude>
    <ClInclude Include="Label.h">
      <Filter>UI</Filter>
    </ClInclude>
    <ClInclude Include="MainMenu.h">
      <Filter>Scenes</Filter>
    </ClInclude>
    <ClInclude Include="Observer.h">
      <Filter>Util</Filter>
    </ClInclude>
    <ClInclude Include="OptionsMenu.h">
      <Filter>Scenes</Filter>
    </ClInclude>
    <ClInclude Include="Physics.h">
      <Filter>Modules</Filter>
    </ClInclude>
    <ClInclude Include="Point.h">
      <Filter>Util</Filter>
    </ClInclude>
    <ClInclude Include="Scene.h">
      <Filter>Scenes</Filter>
    </ClInclude>
    <ClInclude Include="Scrollbar.h">
      <Filter>UI</Filter>
    </ClInclude>
    <ClInclude Include="UIElement.h">
      <Filter>UI</Filter>
    </ClInclude>
    <ClInclude Include="Audio.h">
      <Filter>Modules\Image &amp; Audio</Filter>
    </ClInclude>
    <ClInclude Include="Render.h">
      <Filter>Modules\Image &amp; Audio</Filter>
    </ClInclude>
    <ClInclude Include="Textures.h">
      <Filter>Modules\Image &amp; Audio</Filter>
    </ClInclude>
    <ClInclude Include="Window.h">
      <Filter>Modules\Image &amp; Audio</Filter>
    </ClInclude>
    <ClInclude Include="AssetManager.h">
      <Filter>Modules\Managers</Filter>
    </ClInclude>
    <ClInclude Include="SceneManager.h">
      <Filter>Modules\Managers</Filter>
    </ClInclude>
    <ClInclude Include="UIManager.h">
      <Filter>Modules\Managers</Filter>
    </ClInclude>
    <ClInclude Include="Fonts.h">
      <Filter>Modules\Image &amp; Audio</Filter>
    </ClInclude>
    <ClInclude Include="Module.h">
      <Filter>Core</Filter>
    </ClInclude>
    <ClInclude Include="Animation.h">
      <Filter>Util</Filter>
    </ClInclude>
    <ClInclude Include="Timer.h">
      <Filter>Util</Filter>
    </ClInclude>
    <ClInclude Include="Frame.h">
      <Filter>Util</Filter>
    </ClInclude>
    <ClInclude Include="Entity.h">
      <Filter>Entities</Filter>
    </ClInclude>
    <ClInclude Include="EntityManager.h">
      <Filter>Modules\Managers</Filter>
    </ClInclude>
    <ClInclude Include="Player.h">
      <Filter>Entities</Filter>
    </ClInclude>
    <ClInclude Include="BoxCollider.h">
      <Filter>Physics\Colliders</Filter>
    </ClInclude>
    <ClInclude Include="CircleCollider.h">
      <Filter>Physics\Colliders</Filter>
    </ClInclude>
    <ClInclude Include="PhysicsComponent.h">
      <Filter>Physics\Colliders</Filter>
    </ClInclude>
    <ClInclude Include="PolygonCollider.h">
      <Filter>Physics\Colliders</Filter>
    </ClInclude>
    <ClInclude Include="Joint.h">
      <Filter>Physics\Joints</Filter>
    </ClInclude>
  </ItemGroup>
  <ItemGroup>
    <Filter Include="Core">
      <UniqueIdentifier>{4224771b-e54e-4e46-a9d0-d6bd06abc145}</UniqueIdentifier>
    </Filter>
    <Filter Include="Modules">
      <UniqueIdentifier>{da10931f-e5c6-461e-80c9-f76faa9730a4}</UniqueIdentifier>
    </Filter>
    <Filter Include="UI">
      <UniqueIdentifier>{e83ec772-6490-4f06-80ed-e62baaf71581}</UniqueIdentifier>
    </Filter>
    <Filter Include="Util">
      <UniqueIdentifier>{add1170c-0ba1-435b-88d1-37fc58ff3e69}</UniqueIdentifier>
    </Filter>
    <Filter Include="XML">
      <UniqueIdentifier>{4bf95b9a-3cd0-48f5-a2a1-7b033b421d3a}</UniqueIdentifier>
    </Filter>
    <Filter Include="Scenes">
      <UniqueIdentifier>{843dee5d-2865-41a0-873a-6f8a045d56c9}</UniqueIdentifier>
    </Filter>
    <Filter Include="Physics">
      <UniqueIdentifier>{a0a1559b-1e2a-483e-ab4e-837c726c04ed}</UniqueIdentifier>
    </Filter>
    <Filter Include="Modules\Image &amp; Audio">
      <UniqueIdentifier>{d3930ca9-49b0-4e46-9156-cf7d60dafe74}</UniqueIdentifier>
    </Filter>
    <Filter Include="Modules\Managers">
      <UniqueIdentifier>{8e455241-c126-4f08-bd00-3c18a00e80e1}</UniqueIdentifier>
    </Filter>
    <Filter Include="Entities">
      <UniqueIdentifier>{e3f51e5e-6ec6-4af3-8c6a-e84a5f27277a}</UniqueIdentifier>
    </Filter>
    <Filter Include="Physics\Colliders">
      <UniqueIdentifier>{c0991338-ac86-4833-922a-0b5ca1211402}</UniqueIdentifier>
    </Filter>
    <Filter Include="Physics\Joints">
      <UniqueIdentifier>{f7705e0d-7e45-41b9-9006-c03984f2f501}</UniqueIdentifier>
    </Filter>
  </ItemGroup>
  <ItemGroup>
    <Xml Include="..\Game\config.xml">
      <Filter>XML</Filter>
    </Xml>
  </ItemGroup>
</Project>